
Microsoft Visual Studio Solution File, Format Version 12.00
# Visual Studio Version 16
VisualStudioVersion = 16.0.30709.132
MinimumVisualStudioVersion = 15.0.26124.0
Project("{9A19103F-16F7-4668-BE54-9A1E7A4F7556}") = "AskDelphi.Adapter.AzureNuggets", "AskDelphi.Adapter.AzureNuggets\AskDelphi.Adapter.AzureNuggets.csproj", "{FFBB3B3B-170F-4D6C-97E2-871BC81AF27E}"
EndProject
Project("{FAE04EC0-301F-11D3-BF4B-00C04F79EFBC}") = "AskDelphi.Adapters.AzureNuggets.Test", "AskDelphi.Adapters.AzureNuggets.Test\AskDelphi.Adapters.AzureNuggets.Test.csproj", "{34D284C4-5735-47D5-B402-A5DB46C9B0BF}"
EndProject
Global
	GlobalSection(SolutionConfigurationPlatforms) = preSolution
		Debug|Any CPU = Debug|Any CPU
		Debug|x64 = Debug|x64
		Debug|x86 = Debug|x86
		Release|Any CPU = Release|Any CPU
		Release|x64 = Release|x64
		Release|x86 = Release|x86
	EndGlobalSection
	GlobalSection(ProjectConfigurationPlatforms) = postSolution
		{FFBB3B3B-170F-4D6C-97E2-871BC81AF27E}.Debug|Any CPU.ActiveCfg = Debug|Any CPU
		{FFBB3B3B-170F-4D6C-97E2-871BC81AF27E}.Debug|Any CPU.Build.0 = Debug|Any CPU
		{FFBB3B3B-170F-4D6C-97E2-871BC81AF27E}.Debug|x64.ActiveCfg = Debug|Any CPU
		{FFBB3B3B-170F-4D6C-97E2-871BC81AF27E}.Debug|x64.Build.0 = Debug|Any CPU
		{FFBB3B3B-170F-4D6C-97E2-871BC81AF27E}.Debug|x86.ActiveCfg = Debug|Any CPU
		{FFBB3B3B-170F-4D6C-97E2-871BC81AF27E}.Debug|x86.Build.0 = Debug|Any CPU
		{FFBB3B3B-170F-4D6C-97E2-871BC81AF27E}.Release|Any CPU.ActiveCfg = Release|Any CPU
		{FFBB3B3B-170F-4D6C-97E2-871BC81AF27E}.Release|Any CPU.Build.0 = Release|Any CPU
		{FFBB3B3B-170F-4D6C-97E2-871BC81AF27E}.Release|x64.ActiveCfg = Release|Any CPU
		{FFBB3B3B-170F-4D6C-97E2-871BC81AF27E}.Release|x64.Build.0 = Release|Any CPU
		{FFBB3B3B-170F-4D6C-97E2-871BC81AF27E}.Release|x86.ActiveCfg = Release|Any CPU
		{FFBB3B3B-170F-4D6C-97E2-871BC81AF27E}.Release|x86.Build.0 = Release|Any CPU
		{34D284C4-5735-47D5-B402-A5DB46C9B0BF}.Debug|Any CPU.ActiveCfg = Debug|Any CPU
		{34D284C4-5735-47D5-B402-A5DB46C9B0BF}.Debug|Any CPU.Build.0 = Debug|Any CPU
		{34D284C4-5735-47D5-B402-A5DB46C9B0BF}.Debug|x64.ActiveCfg = Debug|Any CPU
		{34D284C4-5735-47D5-B402-A5DB46C9B0BF}.Debug|x64.Build.0 = Debug|Any CPU
		{34D284C4-5735-47D5-B402-A5DB46C9B0BF}.Debug|x86.ActiveCfg = Debug|Any CPU
		{34D284C4-5735-47D5-B402-A5DB46C9B0BF}.Debug|x86.Build.0 = Debug|Any CPU
		{34D284C4-5735-47D5-B402-A5DB46C9B0BF}.Release|Any CPU.ActiveCfg = Release|Any CPU
		{34D284C4-5735-47D5-B402-A5DB46C9B0BF}.Release|Any CPU.Build.0 = Release|Any CPU
		{34D284C4-5735-47D5-B402-A5DB46C9B0BF}.Release|x64.ActiveCfg = Release|Any CPU
		{34D284C4-5735-47D5-B402-A5DB46C9B0BF}.Release|x64.Build.0 = Release|Any CPU
		{34D284C4-5735-47D5-B402-A5DB46C9B0BF}.Release|x86.ActiveCfg = Release|Any CPU
		{34D284C4-5735-47D5-B402-A5DB46C9B0BF}.Release|x86.Build.0 = Release|Any CPU
	EndGlobalSection
	GlobalSection(SolutionProperties) = preSolution
		HideSolutionNode = FALSE
	EndGlobalSection
	GlobalSection(ExtensibilityGlobals) = postSolution
		SolutionGuid = {C4CC16AC-E98E-4849-9DB8-922DF68613D4}
	EndGlobalSection
EndGlobal
